PODS:
  - AMap3DMap (4.4.1):
    - AMapFoundation (~> 1.3)
  - AMapFoundation (1.3.2)
  - AMapSearch (4.4.0):
    - AMapFoundation (~> 1.2)
  - LEFoundation (0.1.2)
  - LEFrameworks (0.6.1)
  - LEMapviewFrameworks (0.1.8):
    - AMap3DMap
    - AMapSearch
    - LEFoundation
    - LEFrameworks

DEPENDENCIES:
  - LEMapviewFrameworks (from `../`)

EXTERNAL SOURCES:
  LEMapviewFrameworks:
    :path: "../"

SPEC CHECKSUMS:
  AMap3DMap: a46189dbf185d498e452294d7f600c20af0486af
  AMapFoundation: 843dc27b2c02bc0bc2ef3346bb3dd0456cf64dbb
  AMapSearch: a6c7c83905dbe12aa059c7ff83cb0726cb4fc32f
  LEFoundation: 0ae39ec6fa64da7f670962345ec6e7323993e4ba
  LEFrameworks: c06fe26bb11ffe67047abd8871359b30b7fc6ffd
  LEMapviewFrameworks: e6801e6cf27b3a74437c6eb65835625489719106

PODFILE CHECKSUM: c46fc8e33c00af16e9e4133460dc29c5c6345032

COCOAPODS: 1.1.1
