PODS:
  - AMap3DMap (4.2.0):
    - AMapFoundation (~> 1.2)
  - AMapFoundation (1.2.0)
  - AMapSearch (4.2.0):
    - AMapFoundation (~> 1.0)
  - LEFrameworks (0.5.2)
  - LEMapviewFrameworks (0.1.5):
    - AMap3DMap
    - AMapSearch
    - LEFrameworks

DEPENDENCIES:
  - LEMapviewFrameworks (from `../`)

EXTERNAL SOURCES:
  LEMapviewFrameworks:
    :path: "../"

SPEC CHECKSUMS:
  AMap3DMap: 35a5e1ce80796ecf996b2c7b847b4ac94e97e448
  AMapFoundation: 8acc2bf4eed79aab4d21002ddb8b24a6f3f3621c
  AMapSearch: 788020fca7ed18819e8bc2bfca716a6775a05ada
  LEFrameworks: 11894d0eeae6a3d80ee17344ab531fb1a7237a51
  LEMapviewFrameworks: 9733ba7eb1f4ca0a7ad8fa1cb75958f11ef45abf

PODFILE CHECKSUM: c46fc8e33c00af16e9e4133460dc29c5c6345032

COCOAPODS: 1.0.1
