// !$*UTF8*$!
{
	archiveVersion = 1;
	classes = {
	};
	objectVersion = 46;
	objects = {

/* Begin PBXBuildFile section */
		5F6206167A896105569C934D /* libPods-LEMapviewFrameworks_Test.a in Frameworks */ = {isa = PBXBuildFile; fileRef = CDE5DFDB119C3B7BAB060F0F /* libPods-LEMapviewFrameworks_Test.a */; };
		80528B201D34BB8A00AA2056 /* main.m in Sources */ = {isa = PBXBuildFile; fileRef = 80528B1F1D34BB8A00AA2056 /* main.m */; };
		80528B231D34BB8A00AA2056 /* AppDelegate.m in Sources */ = {isa = PBXBuildFile; fileRef = 80528B221D34BB8A00AA2056 /* AppDelegate.m */; };
		80528B261D34BB8A00AA2056 /* ViewController.m in Sources */ = {isa = PBXBuildFile; fileRef = 80528B251D34BB8A00AA2056 /* ViewController.m */; };
		80528B291D34BB8A00AA2056 /* Main.storyboard in Resources */ = {isa = PBXBuildFile; fileRef = 80528B271D34BB8A00AA2056 /* Main.storyboard */; };
		80528B2B1D34BB8A00AA2056 /* Assets.xcassets in Resources */ = {isa = PBXBuildFile; fileRef = 80528B2A1D34BB8A00AA2056 /* Assets.xcassets */; };
		80528B2E1D34BB8A00AA2056 /* LaunchScreen.storyboard in Resources */ = {isa = PBXBuildFile; fileRef = 80528B2C1D34BB8A00AA2056 /* LaunchScreen.storyboard */; };
		80528B391D3507AE00AA2056 /* arrow@2x.jpg in Resources */ = {isa = PBXBuildFile; fileRef = 80528B371D3507AE00AA2056 /* arrow@2x.jpg */; };
		80528B3A1D3507AE00AA2056 /* end@2x.jpg in Resources */ = {isa = PBXBuildFile; fileRef = 80528B381D3507AE00AA2056 /* end@2x.jpg */; };
/* End PBXBuildFile section */

/* Begin PBXFileReference section */
		5956DB87CBBEE5507A2EFBB2 /* LEMapviewFrameworks.podspec */ = {isa = PBXFileReference; includeInIndex = 1; lastKnownFileType = text; name = LEMapviewFrameworks.podspec; path = ../LEMapviewFrameworks.podspec; sourceTree = "<group>"; };
		6003F58D195388D20070C39A /* Foundation.framework */ = {isa = PBXFileReference; lastKnownFileType = wrapper.framework; name = Foundation.framework; path = System/Library/Frameworks/Foundation.framework; sourceTree = SDKROOT; };
		6003F58F195388D20070C39A /* CoreGraphics.framework */ = {isa = PBXFileReference; lastKnownFileType = wrapper.framework; name = CoreGraphics.framework; path = System/Library/Frameworks/CoreGraphics.framework; sourceTree = SDKROOT; };
		6003F591195388D20070C39A /* UIKit.framework */ = {isa = PBXFileReference; lastKnownFileType = wrapper.framework; name = UIKit.framework; path = System/Library/Frameworks/UIKit.framework; sourceTree = SDKROOT; };
		6003F5AF195388D20070C39A /* XCTest.framework */ = {isa = PBXFileReference; lastKnownFileType = wrapper.framework; name = XCTest.framework; path = Library/Frameworks/XCTest.framework; sourceTree = DEVELOPER_DIR; };
		61E13F6F2B23527F95DCE161 /* Pods-LEMapviewFrameworks_Test.debug.xcconfig */ = {isa = PBXFileReference; includeInIndex = 1; lastKnownFileType = text.xcconfig; name = "Pods-LEMapviewFrameworks_Test.debug.xcconfig"; path = "Pods/Target Support Files/Pods-LEMapviewFrameworks_Test/Pods-LEMapviewFrameworks_Test.debug.xcconfig"; sourceTree = "<group>"; };
		80528B1C1D34BB8A00AA2056 /* LEMapviewFrameworks_Test.app */ = {isa = PBXFileReference; explicitFileType = wrapper.application; includeInIndex = 0; path = LEMapviewFrameworks_Test.app; sourceTree = BUILT_PRODUCTS_DIR; };
		80528B1F1D34BB8A00AA2056 /* main.m */ = {isa = PBXFileReference; lastKnownFileType = sourcecode.c.objc; path = main.m; sourceTree = "<group>"; };
		80528B211D34BB8A00AA2056 /* AppDelegate.h */ = {isa = PBXFileReference; lastKnownFileType = sourcecode.c.h; path = AppDelegate.h; sourceTree = "<group>"; };
		80528B221D34BB8A00AA2056 /* AppDelegate.m */ = {isa = PBXFileReference; lastKnownFileType = sourcecode.c.objc; path = AppDelegate.m; sourceTree = "<group>"; };
		80528B241D34BB8A00AA2056 /* ViewController.h */ = {isa = PBXFileReference; lastKnownFileType = sourcecode.c.h; path = ViewController.h; sourceTree = "<group>"; };
		80528B251D34BB8A00AA2056 /* ViewController.m */ = {isa = PBXFileReference; lastKnownFileType = sourcecode.c.objc; path = ViewController.m; sourceTree = "<group>"; };
		80528B281D34BB8A00AA2056 /* Base */ = {isa = PBXFileReference; lastKnownFileType = file.storyboard; name = Base; path = Base.lproj/Main.storyboard; sourceTree = "<group>"; };
		80528B2A1D34BB8A00AA2056 /* Assets.xcassets */ = {isa = PBXFileReference; lastKnownFileType = folder.assetcatalog; path = Assets.xcassets; sourceTree = "<group>"; };
		80528B2D1D34BB8A00AA2056 /* Base */ = {isa = PBXFileReference; lastKnownFileType = file.storyboard; name = Base; path = Base.lproj/LaunchScreen.storyboard; sourceTree = "<group>"; };
		80528B2F1D34BB8A00AA2056 /* Info.plist */ = {isa = PBXFileReference; lastKnownFileType = text.plist.xml; path = Info.plist; sourceTree = "<group>"; };
		80528B371D3507AE00AA2056 /* arrow@2x.jpg */ = {isa = PBXFileReference; lastKnownFileType = image.jpeg; path = "arrow@2x.jpg"; sourceTree = "<group>"; };
		80528B381D3507AE00AA2056 /* end@2x.jpg */ = {isa = PBXFileReference; lastKnownFileType = image.jpeg; path = "end@2x.jpg"; sourceTree = "<group>"; };
		AA2083663767D7BAA8925E92 /* libPods-LEMapviewFrameworks_Tests.a */ = {isa = PBXFileReference; explicitFileType = archive.ar; includeInIndex = 0; path = "libPods-LEMapviewFrameworks_Tests.a"; sourceTree = BUILT_PRODUCTS_DIR; };
		B373EA592DF8E713BE7D4CBE /* README.md */ = {isa = PBXFileReference; includeInIndex = 1; lastKnownFileType = net.daringfireball.markdown; name = README.md; path = ../README.md; sourceTree = "<group>"; };
		B41C5371D7E4F460AB86E53F /* LICENSE */ = {isa = PBXFileReference; includeInIndex = 1; lastKnownFileType = text; name = LICENSE; path = ../LICENSE; sourceTree = "<group>"; };
		BC89C9C795B9538B477FCC3F /* Pods-LEMapviewFrameworks_Test.release.xcconfig */ = {isa = PBXFileReference; includeInIndex = 1; lastKnownFileType = text.xcconfig; name = "Pods-LEMapviewFrameworks_Test.release.xcconfig"; path = "Pods/Target Support Files/Pods-LEMapviewFrameworks_Test/Pods-LEMapviewFrameworks_Test.release.xcconfig"; sourceTree = "<group>"; };
		CDE5DFDB119C3B7BAB060F0F /* libPods-LEMapviewFrameworks_Test.a */ = {isa = PBXFileReference; explicitFileType = archive.ar; includeInIndex = 0; path = "libPods-LEMapviewFrameworks_Test.a"; sourceTree = BUILT_PRODUCTS_DIR; };
/* End PBXFileReference section */

/* Begin PBXFrameworksBuildPhase section */
		80528B191D34BB8A00AA2056 /* Frameworks */ = {
			isa = PBXFrameworksBuildPhase;
			buildActionMask = 2147483647;
			files = (
				5F6206167A896105569C934D /* libPods-LEMapviewFrameworks_Test.a in Frameworks */,
			);
			runOnlyForDeploymentPostprocessing = 0;
		};
/* End PBXFrameworksBuildPhase section */

/* Begin PBXGroup section */
		4A091F07FF725C116B4A0494 /* Pods */ = {
			isa = PBXGroup;
			children = (
				61E13F6F2B23527F95DCE161 /* Pods-LEMapviewFrameworks_Test.debug.xcconfig */,
				BC89C9C795B9538B477FCC3F /* Pods-LEMapviewFrameworks_Test.release.xcconfig */,
			);
			name = Pods;
			sourceTree = "<group>";
		};
		6003F581195388D10070C39A = {
			isa = PBXGroup;
			children = (
				60FF7A9C1954A5C5007DD14C /* Podspec Metadata */,
				80528B1D1D34BB8A00AA2056 /* LEMapviewFrameworks_Test */,
				6003F58C195388D20070C39A /* Frameworks */,
				6003F58B195388D20070C39A /* Products */,
				4A091F07FF725C116B4A0494 /* Pods */,
			);
			sourceTree = "<group>";
		};
		6003F58B195388D20070C39A /* Products */ = {
			isa = PBXGroup;
			children = (
				80528B1C1D34BB8A00AA2056 /* LEMapviewFrameworks_Test.app */,
			);
			name = Products;
			sourceTree = "<group>";
		};
		6003F58C195388D20070C39A /* Frameworks */ = {
			isa = PBXGroup;
			children = (
				6003F58D195388D20070C39A /* Foundation.framework */,
				6003F58F195388D20070C39A /* CoreGraphics.framework */,
				6003F591195388D20070C39A /* UIKit.framework */,
				6003F5AF195388D20070C39A /* XCTest.framework */,
				AA2083663767D7BAA8925E92 /* libPods-LEMapviewFrameworks_Tests.a */,
				CDE5DFDB119C3B7BAB060F0F /* libPods-LEMapviewFrameworks_Test.a */,
			);
			name = Frameworks;
			sourceTree = "<group>";
		};
		60FF7A9C1954A5C5007DD14C /* Podspec Metadata */ = {
			isa = PBXGroup;
			children = (
				5956DB87CBBEE5507A2EFBB2 /* LEMapviewFrameworks.podspec */,
				B373EA592DF8E713BE7D4CBE /* README.md */,
				B41C5371D7E4F460AB86E53F /* LICENSE */,
			);
			name = "Podspec Metadata";
			sourceTree = "<group>";
		};
		80528B1D1D34BB8A00AA2056 /* LEMapviewFrameworks_Test */ = {
			isa = PBXGroup;
			children = (
				80528B211D34BB8A00AA2056 /* AppDelegate.h */,
				80528B221D34BB8A00AA2056 /* AppDelegate.m */,
				80528B241D34BB8A00AA2056 /* ViewController.h */,
				80528B251D34BB8A00AA2056 /* ViewController.m */,
				80528B371D3507AE00AA2056 /* arrow@2x.jpg */,
				80528B381D3507AE00AA2056 /* end@2x.jpg */,
				80528B271D34BB8A00AA2056 /* Main.storyboard */,
				80528B2A1D34BB8A00AA2056 /* Assets.xcassets */,
				80528B2C1D34BB8A00AA2056 /* LaunchScreen.storyboard */,
				80528B2F1D34BB8A00AA2056 /* Info.plist */,
				80528B1E1D34BB8A00AA2056 /* Supporting Files */,
			);
			path = LEMapviewFrameworks_Test;
			sourceTree = "<group>";
		};
		80528B1E1D34BB8A00AA2056 /* Supporting Files */ = {
			isa = PBXGroup;
			children = (
				80528B1F1D34BB8A00AA2056 /* main.m */,
			);
			name = "Supporting Files";
			sourceTree = "<group>";
		};
/* End PBXGroup section */

/* Begin PBXNativeTarget section */
		80528B1B1D34BB8A00AA2056 /* LEMapviewFrameworks_Test */ = {
			isa = PBXNativeTarget;
			buildConfigurationList = 80528B321D34BB8A00AA2056 /* Build configuration list for PBXNativeTarget "LEMapviewFrameworks_Test" */;
			buildPhases = (
				17A9B9E5CAFED0D4BEFEC290 /* [CP] Check Pods Manifest.lock */,
				80528B181D34BB8A00AA2056 /* Sources */,
				80528B191D34BB8A00AA2056 /* Frameworks */,
				80528B1A1D34BB8A00AA2056 /* Resources */,
				9D09429FDA62BBC7DBE7243C /* [CP] Embed Pods Frameworks */,
				81B444C8ACD03995295D628D /* [CP] Copy Pods Resources */,
			);
			buildRules = (
			);
			dependencies = (
			);
			name = LEMapviewFrameworks_Test;
			productName = LEMapviewFrameworks_Test;
			productReference = 80528B1C1D34BB8A00AA2056 /* LEMapviewFrameworks_Test.app */;
			productType = "com.apple.product-type.application";
		};
/* End PBXNativeTarget section */

/* Begin PBXProject section */
		6003F582195388D10070C39A /* Project object */ = {
			isa = PBXProject;
			attributes = {
				CLASSPREFIX = LE;
				LastUpgradeCheck = 0810;
				ORGANIZATIONNAME = LarryEmerson;
				TargetAttributes = {
					80528B1B1D34BB8A00AA2056 = {
						CreatedOnToolsVersion = 7.2.1;
						DevelopmentTeam = V96P5GMK4T;
					};
				};
			};
			buildConfigurationList = 6003F585195388D10070C39A /* Build configuration list for PBXProject "LEMapviewFrameworks" */;
			compatibilityVersion = "Xcode 3.2";
			developmentRegion = English;
			hasScannedForEncodings = 0;
			knownRegions = (
				en,
				Base,
			);
			mainGroup = 6003F581195388D10070C39A;
			productRefGroup = 6003F58B195388D20070C39A /* Products */;
			projectDirPath = "";
			projectRoot = "";
			targets = (
				80528B1B1D34BB8A00AA2056 /* LEMapviewFrameworks_Test */,
			);
		};
/* End PBXProject section */

/* Begin PBXResourcesBuildPhase section */
		80528B1A1D34BB8A00AA2056 /* Resources */ = {
			isa = PBXResourcesBuildPhase;
			buildActionMask = 2147483647;
			files = (
				80528B391D3507AE00AA2056 /* arrow@2x.jpg in Resources */,
				80528B3A1D3507AE00AA2056 /* end@2x.jpg in Resources */,
				80528B2E1D34BB8A00AA2056 /* LaunchScreen.storyboard in Resources */,
				80528B2B1D34BB8A00AA2056 /* Assets.xcassets in Resources */,
				80528B291D34BB8A00AA2056 /* Main.storyboard in Resources */,
			);
			runOnlyForDeploymentPostprocessing = 0;
		};
/* End PBXResourcesBuildPhase section */

/* Begin PBXShellScriptBuildPhase section */
		17A9B9E5CAFED0D4BEFEC290 /* [CP] Check Pods Manifest.lock */ = {
			isa = PBXShellScriptBuildPhase;
			buildActionMask = 2147483647;
			files = (
			);
			inputPaths = (
			);
			name = "[CP] Check Pods Manifest.lock";
			outputPaths = (
			);
			runOnlyForDeploymentPostprocessing = 0;
			shellPath = /bin/sh;
			shellScript = "diff \"${PODS_ROOT}/../Podfile.lock\" \"${PODS_ROOT}/Manifest.lock\" > /dev/null\nif [ $? != 0 ] ; then\n    # print error to STDERR\n    echo \"error: The sandbox is not in sync with the Podfile.lock. Run 'pod install' or update your CocoaPods installation.\" >&2\n    exit 1\nfi\n";
			showEnvVarsInLog = 0;
		};
		81B444C8ACD03995295D628D /* [CP] Copy Pods Resources */ = {
			isa = PBXShellScriptBuildPhase;
			buildActionMask = 2147483647;
			files = (
			);
			inputPaths = (
			);
			name = "[CP] Copy Pods Resources";
			outputPaths = (
			);
			runOnlyForDeploymentPostprocessing = 0;
			shellPath = /bin/sh;
			shellScript = "\"${SRCROOT}/Pods/Target Support Files/Pods-LEMapviewFrameworks_Test/Pods-LEMapviewFrameworks_Test-resources.sh\"\n";
			showEnvVarsInLog = 0;
		};
		9D09429FDA62BBC7DBE7243C /* [CP] Embed Pods Frameworks */ = {
			isa = PBXShellScriptBuildPhase;
			buildActionMask = 2147483647;
			files = (
			);
			inputPaths = (
			);
			name = "[CP] Embed Pods Frameworks";
			outputPaths = (
			);
			runOnlyForDeploymentPostprocessing = 0;
			shellPath = /bin/sh;
			shellScript = "\"${SRCROOT}/Pods/Target Support Files/Pods-LEMapviewFrameworks_Test/Pods-LEMapviewFrameworks_Test-frameworks.sh\"\n";
			showEnvVarsInLog = 0;
		};
/* End PBXShellScriptBuildPhase section */

/* Begin PBXSourcesBuildPhase section */
		80528B181D34BB8A00AA2056 /* Sources */ = {
			isa = PBXSourcesBuildPhase;
			buildActionMask = 2147483647;
			files = (
				80528B261D34BB8A00AA2056 /* ViewController.m in Sources */,
				80528B231D34BB8A00AA2056 /* AppDelegate.m in Sources */,
				80528B201D34BB8A00AA2056 /* main.m in Sources */,
			);
			runOnlyForDeploymentPostprocessing = 0;
		};
/* End PBXSourcesBuildPhase section */

/* Begin PBXVariantGroup section */
		80528B271D34BB8A00AA2056 /* Main.storyboard */ = {
			isa = PBXVariantGroup;
			children = (
				80528B281D34BB8A00AA2056 /* Base */,
			);
			name = Main.storyboard;
			sourceTree = "<group>";
		};
		80528B2C1D34BB8A00AA2056 /* LaunchScreen.storyboard */ = {
			isa = PBXVariantGroup;
			children = (
				80528B2D1D34BB8A00AA2056 /* Base */,
			);
			name = LaunchScreen.storyboard;
			sourceTree = "<group>";
		};
/* End PBXVariantGroup section */

/* Begin XCBuildConfiguration section */
		6003F5BD195388D20070C39A /* Debug */ = {
			isa = XCBuildConfiguration;
			buildSettings = {
				ALWAYS_SEARCH_USER_PATHS = NO;
				CLANG_CXX_LANGUAGE_STANDARD = "gnu++0x";
				CLANG_CXX_LIBRARY = "libc++";
				CLANG_ENABLE_MODULES = YES;
				CLANG_ENABLE_OBJC_ARC = YES;
				CLANG_WARN_BOOL_CONVERSION = YES;
				CLANG_WARN_CONSTANT_CONVERSION = YES;
				CLANG_WARN_DIRECT_OBJC_ISA_USAGE = YES_ERROR;
				CLANG_WARN_EMPTY_BODY = YES;
				CLANG_WARN_ENUM_CONVERSION = YES;
				CLANG_WARN_INFINITE_RECURSION = YES;
				CLANG_WARN_INT_CONVERSION = YES;
				CLANG_WARN_OBJC_ROOT_CLASS = YES_ERROR;
				CLANG_WARN_SUSPICIOUS_MOVE = YES;
				CLANG_WARN_UNREACHABLE_CODE = YES;
				CLANG_WARN__DUPLICATE_METHOD_MATCH = YES;
				"CODE_SIGN_IDENTITY[sdk=iphoneos*]" = "iPhone Developer";
				COPY_PHASE_STRIP = NO;
				ENABLE_STRICT_OBJC_MSGSEND = YES;
				ENABLE_TESTABILITY = YES;
				GCC_C_LANGUAGE_STANDARD = gnu99;
				GCC_DYNAMIC_NO_PIC = NO;
				GCC_NO_COMMON_BLOCKS = YES;
				GCC_OPTIMIZATION_LEVEL = 0;
				GCC_PREPROCESSOR_DEFINITIONS = (
					"DEBUG=1",
					"$(inherited)",
				);
				GCC_SYMBOLS_PRIVATE_EXTERN = NO;
				GCC_WARN_64_TO_32_BIT_CONVERSION = YES;
				GCC_WARN_ABOUT_RETURN_TYPE = YES_ERROR;
				GCC_WARN_UNDECLARED_SELECTOR = YES;
				GCC_WARN_UNINITIALIZED_AUTOS = YES_AGGRESSIVE;
				GCC_WARN_UNUSED_FUNCTION = YES;
				GCC_WARN_UNUSED_VARIABLE = YES;
				IPHONEOS_DEPLOYMENT_TARGET = 8.3;
				ONLY_ACTIVE_ARCH = YES;
				SDKROOT = iphoneos;
				TARGETED_DEVICE_FAMILY = "1,2";
			};
			name = Debug;
		};
		6003F5BE195388D20070C39A /* Release */ = {
			isa = XCBuildConfiguration;
			buildSettings = {
				ALWAYS_SEARCH_USER_PATHS = NO;
				CLANG_CXX_LANGUAGE_STANDARD = "gnu++0x";
				CLANG_CXX_LIBRARY = "libc++";
				CLANG_ENABLE_MODULES = YES;
				CLANG_ENABLE_OBJC_ARC = YES;
				CLANG_WARN_BOOL_CONVERSION = YES;
				CLANG_WARN_CONSTANT_CONVERSION = YES;
				CLANG_WARN_DIRECT_OBJC_ISA_USAGE = YES_ERROR;
				CLANG_WARN_EMPTY_BODY = YES;
				CLANG_WARN_ENUM_CONVERSION = YES;
				CLANG_WARN_INFINITE_RECURSION = YES;
				CLANG_WARN_INT_CONVERSION = YES;
				CLANG_WARN_OBJC_ROOT_CLASS = YES_ERROR;
				CLANG_WARN_SUSPICIOUS_MOVE = YES;
				CLANG_WARN_UNREACHABLE_CODE = YES;
				CLANG_WARN__DUPLICATE_METHOD_MATCH = YES;
				"CODE_SIGN_IDENTITY[sdk=iphoneos*]" = "iPhone Developer";
				COPY_PHASE_STRIP = YES;
				ENABLE_NS_ASSERTIONS = NO;
				ENABLE_STRICT_OBJC_MSGSEND = YES;
				GCC_C_LANGUAGE_STANDARD = gnu99;
				GCC_NO_COMMON_BLOCKS = YES;
				GCC_WARN_64_TO_32_BIT_CONVERSION = YES;
				GCC_WARN_ABOUT_RETURN_TYPE = YES_ERROR;
				GCC_WARN_UNDECLARED_SELECTOR = YES;
				GCC_WARN_UNINITIALIZED_AUTOS = YES_AGGRESSIVE;
				GCC_WARN_UNUSED_FUNCTION = YES;
				GCC_WARN_UNUSED_VARIABLE = YES;
				IPHONEOS_DEPLOYMENT_TARGET = 8.3;
				SDKROOT = iphoneos;
				TARGETED_DEVICE_FAMILY = "1,2";
				VALIDATE_PRODUCT = YES;
			};
			name = Release;
		};
		80528B301D34BB8A00AA2056 /* Debug */ = {
			isa = XCBuildConfiguration;
			baseConfigurationReference = 61E13F6F2B23527F95DCE161 /* Pods-LEMapviewFrameworks_Test.debug.xcconfig */;
			buildSettings = {
				ASSETCATALOG_COMPILER_APPICON_NAME = AppIcon;
				CLANG_WARN_UNREACHABLE_CODE = YES;
				CODE_SIGN_IDENTITY = "iPhone Developer";
				DEBUG_INFORMATION_FORMAT = dwarf;
				ENABLE_STRICT_OBJC_MSGSEND = YES;
				GCC_NO_COMMON_BLOCKS = YES;
				INFOPLIST_FILE = LEMapviewFrameworks_Test/Info.plist;
				IPHONEOS_DEPLOYMENT_TARGET = 8.0;
				LD_RUNPATH_SEARCH_PATHS = "$(inherited) @executable_path/Frameworks";
				MTL_ENABLE_DEBUG_INFO = YES;
				PRODUCT_BUNDLE_IDENTIFIER = com.360cbs.yusen;
				PRODUCT_NAME = "$(TARGET_NAME)";
			};
			name = Debug;
		};
		80528B311D34BB8A00AA2056 /* Release */ = {
			isa = XCBuildConfiguration;
			baseConfigurationReference = BC89C9C795B9538B477FCC3F /* Pods-LEMapviewFrameworks_Test.release.xcconfig */;
			buildSettings = {
				ASSETCATALOG_COMPILER_APPICON_NAME = AppIcon;
				CLANG_WARN_UNREACHABLE_CODE = YES;
				CODE_SIGN_IDENTITY = "iPhone Developer";
				COPY_PHASE_STRIP = NO;
				DEBUG_INFORMATION_FORMAT = "dwarf-with-dsym";
				ENABLE_STRICT_OBJC_MSGSEND = YES;
				GCC_NO_COMMON_BLOCKS = YES;
				INFOPLIST_FILE = LEMapviewFrameworks_Test/Info.plist;
				IPHONEOS_DEPLOYMENT_TARGET = 8.0;
				LD_RUNPATH_SEARCH_PATHS = "$(inherited) @executable_path/Frameworks";
				MTL_ENABLE_DEBUG_INFO = NO;
				PRODUCT_BUNDLE_IDENTIFIER = com.360cbs.yusen;
				PRODUCT_NAME = "$(TARGET_NAME)";
			};
			name = Release;
		};
/* End XCBuildConfiguration section */

/* Begin XCConfigurationList section */
		6003F585195388D10070C39A /* Build configuration list for PBXProject "LEMapviewFrameworks" */ = {
			isa = XCConfigurationList;
			buildConfigurations = (
				6003F5BD195388D20070C39A /* Debug */,
				6003F5BE195388D20070C39A /* Release */,
			);
			defaultConfigurationIsVisible = 0;
			defaultConfigurationName = Release;
		};
		80528B321D34BB8A00AA2056 /* Build configuration list for PBXNativeTarget "LEMapviewFrameworks_Test" */ = {
			isa = XCConfigurationList;
			buildConfigurations = (
				80528B301D34BB8A00AA2056 /* Debug */,
				80528B311D34BB8A00AA2056 /* Release */,
			);
			defaultConfigurationIsVisible = 0;
			defaultConfigurationName = Release;
		};
/* End XCConfigurationList section */
	};
	rootObject = 6003F582195388D10070C39A /* Project object */;
}
